// !$*UTF8*$!
{
	archiveVersion = 1;
	classes = {
	};
	objectVersion = 55;
	objects = {

/* Begin PBXBuildFile section */
		5FAAD05FD0BB60971686C31D /* Pods_InstagramChallenge.framework in Frameworks */ = {isa = PBXBuildFile; fileRef = 9D10534C4245572E20636E69 /* Pods_InstagramChallenge.framework */; settings = {ATTRIBUTES = (Required, ); }; };
		7663C974289050DB006C3505 /* SplashViewController.swift in Sources */ = {isa = PBXBuildFile; fileRef = 7663C973289050DB006C3505 /* SplashViewController.swift */; };
		7663C97728905467006C3505 /* CustomTextField.swift in Sources */ = {isa = PBXBuildFile; fileRef = 7663C97628905467006C3505 /* CustomTextField.swift */; };
		7663C97A2890578E006C3505 /* SplashView.swift in Sources */ = {isa = PBXBuildFile; fileRef = 7663C9792890578E006C3505 /* SplashView.swift */; };
		7663C980289059A1006C3505 /* LoginView.swift in Sources */ = {isa = PBXBuildFile; fileRef = 7663C97F289059A1006C3505 /* LoginView.swift */; };
		767E40CC289154D200AFFFBE /* Address.swift in Sources */ = {isa = PBXBuildFile; fileRef = 767E40CB289154D200AFFFBE /* Address.swift */; };
		767E40CE289154DD00AFFFBE /* API.swift in Sources */ = {isa = PBXBuildFile; fileRef = 767E40CD289154DD00AFFFBE /* API.swift */; };
		767E40D0289154E800AFFFBE /* BaseURL.swift in Sources */ = {isa = PBXBuildFile; fileRef = 767E40CF289154E800AFFFBE /* BaseURL.swift */; };
		767E40D32891579B00AFFFBE /* MyPage.swift in Sources */ = {isa = PBXBuildFile; fileRef = 767E40D22891579B00AFFFBE /* MyPage.swift */; };
		767E40D6289158A000AFFFBE /* Comments.swift in Sources */ = {isa = PBXBuildFile; fileRef = 767E40D5289158A000AFFFBE /* Comments.swift */; };
		767E40D82891595A00AFFFBE /* SearchingChats.swift in Sources */ = {isa = PBXBuildFile; fileRef = 767E40D72891595A00AFFFBE /* SearchingChats.swift */; };
		767E40DC28915A1100AFFFBE /* JWT.swift in Sources */ = {isa = PBXBuildFile; fileRef = 767E40DB28915A1100AFFFBE /* JWT.swift */; };
		767E40E228915BFB00AFFFBE /* Contents.swift in Sources */ = {isa = PBXBuildFile; fileRef = 767E40E128915BFB00AFFFBE /* Contents.swift */; };
		767E40E428915C5600AFFFBE /* Feed.swift in Sources */ = {isa = PBXBuildFile; fileRef = 767E40E328915C5600AFFFBE /* Feed.swift */; };
		767E40EC28915EE300AFFFBE /* SendChats.swift in Sources */ = {isa = PBXBuildFile; fileRef = 767E40EB28915EE300AFFFBE /* SendChats.swift */; };
		767E40EE2891611A00AFFFBE /* Token.swift in Sources */ = {isa = PBXBuildFile; fileRef = 767E40ED2891611A00AFFFBE /* Token.swift */; };
		767E40F0289166B100AFFFBE /* ResponseDefault.swift in Sources */ = {isa = PBXBuildFile; fileRef = 767E40EF289166B100AFFFBE /* ResponseDefault.swift */; };
		767E40F328917D1000AFFFBE /* RegisterView.swift in Sources */ = {isa = PBXBuildFile; fileRef = 767E40F228917D1000AFFFBE /* RegisterView.swift */; };
		767E40F5289181B300AFFFBE /* RegisterViewController.swift in Sources */ = {isa = PBXBuildFile; fileRef = 767E40F4289181B300AFFFBE /* RegisterViewController.swift */; };
		767E40F82891833E00AFFFBE /* UIViewController++Extensions.swift in Sources */ = {isa = PBXBuildFile; fileRef = 767E40F72891833E00AFFFBE /* UIViewController++Extensions.swift */; };
		767E40FC2891888F00AFFFBE /* RegisterPhoneNumberBaseViewController.swift in Sources */ = {isa = PBXBuildFile; fileRef = 767E40FB2891888F00AFFFBE /* RegisterPhoneNumberBaseViewController.swift */; };
		767E410028918B4000AFFFBE /* MenuCell.swift in Sources */ = {isa = PBXBuildFile; fileRef = 767E40FF28918B4000AFFFBE /* MenuCell.swift */; };
		767E41022891952900AFFFBE /* PhoneNumberViewController.swift in Sources */ = {isa = PBXBuildFile; fileRef = 767E41012891952900AFFFBE /* PhoneNumberViewController.swift */; };
		767E41042891953700AFFFBE /* EmailViewController.swift in Sources */ = {isa = PBXBuildFile; fileRef = 767E41032891953700AFFFBE /* EmailViewController.swift */; };
		767E41062891A08800AFFFBE /* PhoneNumberView.swift in Sources */ = {isa = PBXBuildFile; fileRef = 767E41052891A08800AFFFBE /* PhoneNumberView.swift */; };
		767E41082891A77F00AFFFBE /* CustomButton.swift in Sources */ = {isa = PBXBuildFile; fileRef = 767E41072891A77F00AFFFBE /* CustomButton.swift */; };
		767E410A2891AB7200AFFFBE /* OrView.swift in Sources */ = {isa = PBXBuildFile; fileRef = 767E41092891AB7200AFFFBE /* OrView.swift */; };
		767E413728929D6D00AFFFBE /* CertificationView.swift in Sources */ = {isa = PBXBuildFile; fileRef = 767E413628929D6D00AFFFBE /* CertificationView.swift */; };
		767E41392892A19400AFFFBE /* CertificationViewController.swift in Sources */ = {isa = PBXBuildFile; fileRef = 767E41382892A19400AFFFBE /* CertificationViewController.swift */; };
		767E413B2892ABCE00AFFFBE /* HideBackButtonViewController.swift in Sources */ = {isa = PBXBuildFile; fileRef = 767E413A2892ABCE00AFFFBE /* HideBackButtonViewController.swift */; };
		767E413D2892AC7300AFFFBE /* RegisterPhoneNumberBaseView.swift in Sources */ = {isa = PBXBuildFile; fileRef = 767E413C2892AC7300AFFFBE /* RegisterPhoneNumberBaseView.swift */; };
		767E413F2892BAF600AFFFBE /* AddNameView.swift in Sources */ = {isa = PBXBuildFile; fileRef = 767E413E2892BAF600AFFFBE /* AddNameView.swift */; };
		767E41412892BB0100AFFFBE /* AddNameViewController.swift in Sources */ = {isa = PBXBuildFile; fileRef = 767E41402892BB0100AFFFBE /* AddNameViewController.swift */; };
		767E41432892E22C00AFFFBE /* BirthdayView.swift in Sources */ = {isa = PBXBuildFile; fileRef = 767E41422892E22C00AFFFBE /* BirthdayView.swift */; };
		767E41452892E72B00AFFFBE /* BirthdayViewController.swift in Sources */ = {isa = PBXBuildFile; fileRef = 767E41442892E72B00AFFFBE /* BirthdayViewController.swift */; };
		767E41472892FF1C00AFFFBE /* AgreementView.swift in Sources */ = {isa = PBXBuildFile; fileRef = 767E41462892FF1C00AFFFBE /* AgreementView.swift */; };
		767E41492893051100AFFFBE /* AgreementViewController.swift in Sources */ = {isa = PBXBuildFile; fileRef = 767E41482893051100AFFFBE /* AgreementViewController.swift */; };
		767E414B2893079300AFFFBE /* UIButton++Extensions.swift in Sources */ = {isa = PBXBuildFile; fileRef = 767E414A2893079300AFFFBE /* UIButton++Extensions.swift */; };
		767E414D2893085D00AFFFBE /* UIColor++Extensions.swift in Sources */ = {isa = PBXBuildFile; fileRef = 767E414C2893085D00AFFFBE /* UIColor++Extensions.swift */; };
		767E414F28930A2900AFFFBE /* GrayBorderView.swift in Sources */ = {isa = PBXBuildFile; fileRef = 767E414E28930A2900AFFFBE /* GrayBorderView.swift */; };
		767E4159289422D500AFFFBE /* AddPasswordView.swift in Sources */ = {isa = PBXBuildFile; fileRef = 767E4158289422D500AFFFBE /* AddPasswordView.swift */; };
		767E415B2894241E00AFFFBE /* AddPasswordViewController.swift in Sources */ = {isa = PBXBuildFile; fileRef = 767E415A2894241E00AFFFBE /* AddPasswordViewController.swift */; };
		767E415E2894286500AFFFBE /* AddNicknameView.swift in Sources */ = {isa = PBXBuildFile; fileRef = 767E415D2894286500AFFFBE /* AddNicknameView.swift */; };
		767E416028942BC100AFFFBE /* AddNicknameViewController.swift in Sources */ = {isa = PBXBuildFile; fileRef = 767E415F28942BC100AFFFBE /* AddNicknameViewController.swift */; };
		767E416228943F3500AFFFBE /* BaseView.swift in Sources */ = {isa = PBXBuildFile; fileRef = 767E416128943F3500AFFFBE /* BaseView.swift */; };
		767E41652894421000AFFFBE /* ConfirmView.swift in Sources */ = {isa = PBXBuildFile; fileRef = 767E41642894421000AFFFBE /* ConfirmView.swift */; };
		767E41672894438900AFFFBE /* ConfirmViewController.swift in Sources */ = {isa = PBXBuildFile; fileRef = 767E41662894438900AFFFBE /* ConfirmViewController.swift */; };
		767E416A289446FD00AFFFBE /* HomeViewController.swift in Sources */ = {isa = PBXBuildFile; fileRef = 767E4169289446FD00AFFFBE /* HomeViewController.swift */; };
		767E416D289448BC00AFFFBE /* RegisterManager.swift in Sources */ = {isa = PBXBuildFile; fileRef = 767E416C289448BC00AFFFBE /* RegisterManager.swift */; };
		767E416F2894583D00AFFFBE /* Response.swift in Sources */ = {isa = PBXBuildFile; fileRef = 767E416E2894583D00AFFFBE /* Response.swift */; };
		76E0958B288EE95B007E00D6 /* AppDelegate.swift in Sources */ = {isa = PBXBuildFile; fileRef = 76E0958A288EE95B007E00D6 /* AppDelegate.swift */; };
		76E0958D288EE95B007E00D6 /* SceneDelegate.swift in Sources */ = {isa = PBXBuildFile; fileRef = 76E0958C288EE95B007E00D6 /* SceneDelegate.swift */; };
		76E0958F288EE95B007E00D6 /* LoginViewController.swift in Sources */ = {isa = PBXBuildFile; fileRef = 76E0958E288EE95B007E00D6 /* LoginViewController.swift */; };
		76E09592288EE95C007E00D6 /* Main.storyboard in Resources */ = {isa = PBXBuildFile; fileRef = 76E09590288EE95C007E00D6 /* Main.storyboard */; };
		76E09594288EE95E007E00D6 /* Assets.xcassets in Resources */ = {isa = PBXBuildFile; fileRef = 76E09593288EE95E007E00D6 /* Assets.xcassets */; };
		76E262C0289925B5009D2E16 /* LoginManager.swift in Sources */ = {isa = PBXBuildFile; fileRef = 76E262BF289925B5009D2E16 /* LoginManager.swift */; };
/* End PBXBuildFile section */

/* Begin PBXFileReference section */
		0446C7B514AB94ACB140C51F /* Pods-InstagramChallenge.release.xcconfig */ = {isa = PBXFileReference; includeInIndex = 1; lastKnownFileType = text.xcconfig; name = "Pods-InstagramChallenge.release.xcconfig"; path = "Target Support Files/Pods-InstagramChallenge/Pods-InstagramChallenge.release.xcconfig"; sourceTree = "<group>"; };
		1834822CBE59BEE12CF34707 /* Pods-InstagramChallenge.debug.xcconfig */ = {isa = PBXFileReference; includeInIndex = 1; lastKnownFileType = text.xcconfig; name = "Pods-InstagramChallenge.debug.xcconfig"; path = "Target Support Files/Pods-InstagramChallenge/Pods-InstagramChallenge.debug.xcconfig"; sourceTree = "<group>"; };
		7663C973289050DB006C3505 /* SplashViewController.swift */ = {isa = PBXFileReference; lastKnownFileType = sourcecode.swift; path = SplashViewController.swift; sourceTree = "<group>"; };
		7663C97628905467006C3505 /* CustomTextField.swift */ = {isa = PBXFileReference; lastKnownFileType = sourcecode.swift; path = CustomTextField.swift; sourceTree = "<group>"; };
		7663C9792890578E006C3505 /* SplashView.swift */ = {isa = PBXFileReference; lastKnownFileType = sourcecode.swift; path = SplashView.swift; sourceTree = "<group>"; };
		7663C97F289059A1006C3505 /* LoginView.swift */ = {isa = PBXFileReference; lastKnownFileType = sourcecode.swift; path = LoginView.swift; sourceTree = "<group>"; };
		767E40CB289154D200AFFFBE /* Address.swift */ = {isa = PBXFileReference; lastKnownFileType = sourcecode.swift; path = Address.swift; sourceTree = "<group>"; };
		767E40CD289154DD00AFFFBE /* API.swift */ = {isa = PBXFileReference; lastKnownFileType = sourcecode.swift; path = API.swift; sourceTree = "<group>"; };
		767E40CF289154E800AFFFBE /* BaseURL.swift */ = {isa = PBXFileReference; lastKnownFileType = sourcecode.swift; path = BaseURL.swift; sourceTree = "<group>"; };
		767E40D22891579B00AFFFBE /* MyPage.swift */ = {isa = PBXFileReference; lastKnownFileType = sourcecode.swift; path = MyPage.swift; sourceTree = "<group>"; };
		767E40D5289158A000AFFFBE /* Comments.swift */ = {isa = PBXFileReference; lastKnownFileType = sourcecode.swift; path = Comments.swift; sourceTree = "<group>"; };
		767E40D72891595A00AFFFBE /* SearchingChats.swift */ = {isa = PBXFileReference; lastKnownFileType = sourcecode.swift; path = SearchingChats.swift; sourceTree = "<group>"; };
		767E40DB28915A1100AFFFBE /* JWT.swift */ = {isa = PBXFileReference; lastKnownFileType = sourcecode.swift; path = JWT.swift; sourceTree = "<group>"; };
		767E40E128915BFB00AFFFBE /* Contents.swift */ = {isa = PBXFileReference; lastKnownFileType = sourcecode.swift; path = Contents.swift; sourceTree = "<group>"; };
		767E40E328915C5600AFFFBE /* Feed.swift */ = {isa = PBXFileReference; lastKnownFileType = sourcecode.swift; path = Feed.swift; sourceTree = "<group>"; };
		767E40EB28915EE300AFFFBE /* SendChats.swift */ = {isa = PBXFileReference; lastKnownFileType = sourcecode.swift; path = SendChats.swift; sourceTree = "<group>"; };
		767E40ED2891611A00AFFFBE /* Token.swift */ = {isa = PBXFileReference; lastKnownFileType = sourcecode.swift; path = Token.swift; sourceTree = "<group>"; };
		767E40EF289166B100AFFFBE /* ResponseDefault.swift */ = {isa = PBXFileReference; lastKnownFileType = sourcecode.swift; path = ResponseDefault.swift; sourceTree = "<group>"; };
		767E40F228917D1000AFFFBE /* RegisterView.swift */ = {isa = PBXFileReference; lastKnownFileType = sourcecode.swift; path = RegisterView.swift; sourceTree = "<group>"; };
		767E40F4289181B300AFFFBE /* RegisterViewController.swift */ = {isa = PBXFileReference; lastKnownFileType = sourcecode.swift; path = RegisterViewController.swift; sourceTree = "<group>"; };
		767E40F72891833E00AFFFBE /* UIViewController++Extensions.swift */ = {isa = PBXFileReference; lastKnownFileType = sourcecode.swift; path = "UIViewController++Extensions.swift"; sourceTree = "<group>"; };
		767E40FB2891888F00AFFFBE /* RegisterPhoneNumberBaseViewController.swift */ = {isa = PBXFileReference; lastKnownFileType = sourcecode.swift; path = RegisterPhoneNumberBaseViewController.swift; sourceTree = "<group>"; };
		767E40FF28918B4000AFFFBE /* MenuCell.swift */ = {isa = PBXFileReference; lastKnownFileType = sourcecode.swift; path = MenuCell.swift; sourceTree = "<group>"; };
		767E41012891952900AFFFBE /* PhoneNumberViewController.swift */ = {isa = PBXFileReference; lastKnownFileType = sourcecode.swift; path = PhoneNumberViewController.swift; sourceTree = "<group>"; };
		767E41032891953700AFFFBE /* EmailViewController.swift */ = {isa = PBXFileReference; lastKnownFileType = sourcecode.swift; path = EmailViewController.swift; sourceTree = "<group>"; };
		767E41052891A08800AFFFBE /* PhoneNumberView.swift */ = {isa = PBXFileReference; lastKnownFileType = sourcecode.swift; path = PhoneNumberView.swift; sourceTree = "<group>"; };
		767E41072891A77F00AFFFBE /* CustomButton.swift */ = {isa = PBXFileReference; lastKnownFileType = sourcecode.swift; path = CustomButton.swift; sourceTree = "<group>"; };
		767E41092891AB7200AFFFBE /* OrView.swift */ = {isa = PBXFileReference; lastKnownFileType = sourcecode.swift; path = OrView.swift; sourceTree = "<group>"; };
		767E413628929D6D00AFFFBE /* CertificationView.swift */ = {isa = PBXFileReference; lastKnownFileType = sourcecode.swift; path = CertificationView.swift; sourceTree = "<group>"; };
		767E41382892A19400AFFFBE /* CertificationViewController.swift */ = {isa = PBXFileReference; lastKnownFileType = sourcecode.swift; path = CertificationViewController.swift; sourceTree = "<group>"; };
		767E413A2892ABCE00AFFFBE /* HideBackButtonViewController.swift */ = {isa = PBXFileReference; lastKnownFileType = sourcecode.swift; path = HideBackButtonViewController.swift; sourceTree = "<group>"; };
		767E413C2892AC7300AFFFBE /* RegisterPhoneNumberBaseView.swift */ = {isa = PBXFileReference; lastKnownFileType = sourcecode.swift; path = RegisterPhoneNumberBaseView.swift; sourceTree = "<group>"; };
		767E413E2892BAF600AFFFBE /* AddNameView.swift */ = {isa = PBXFileReference; lastKnownFileType = sourcecode.swift; path = AddNameView.swift; sourceTree = "<group>"; };
		767E41402892BB0100AFFFBE /* AddNameViewController.swift */ = {isa = PBXFileReference; lastKnownFileType = sourcecode.swift; path = AddNameViewController.swift; sourceTree = "<group>"; };
		767E41422892E22C00AFFFBE /* BirthdayView.swift */ = {isa = PBXFileReference; lastKnownFileType = sourcecode.swift; path = BirthdayView.swift; sourceTree = "<group>"; };
		767E41442892E72B00AFFFBE /* BirthdayViewController.swift */ = {isa = PBXFileReference; lastKnownFileType = sourcecode.swift; path = BirthdayViewController.swift; sourceTree = "<group>"; };
		767E41462892FF1C00AFFFBE /* AgreementView.swift */ = {isa = PBXFileReference; lastKnownFileType = sourcecode.swift; path = AgreementView.swift; sourceTree = "<group>"; };
		767E41482893051100AFFFBE /* AgreementViewController.swift */ = {isa = PBXFileReference; lastKnownFileType = sourcecode.swift; path = AgreementViewController.swift; sourceTree = "<group>"; };
		767E414A2893079300AFFFBE /* UIButton++Extensions.swift */ = {isa = PBXFileReference; lastKnownFileType = sourcecode.swift; path = "UIButton++Extensions.swift"; sourceTree = "<group>"; };
		767E414C2893085D00AFFFBE /* UIColor++Extensions.swift */ = {isa = PBXFileReference; lastKnownFileType = sourcecode.swift; path = "UIColor++Extensions.swift"; sourceTree = "<group>"; };
		767E414E28930A2900AFFFBE /* GrayBorderView.swift */ = {isa = PBXFileReference; lastKnownFileType = sourcecode.swift; path = GrayBorderView.swift; sourceTree = "<group>"; };
		767E4158289422D500AFFFBE /* AddPasswordView.swift */ = {isa = PBXFileReference; lastKnownFileType = sourcecode.swift; path = AddPasswordView.swift; sourceTree = "<group>"; };
		767E415A2894241E00AFFFBE /* AddPasswordViewController.swift */ = {isa = PBXFileReference; lastKnownFileType = sourcecode.swift; path = AddPasswordViewController.swift; sourceTree = "<group>"; };
		767E415D2894286500AFFFBE /* AddNicknameView.swift */ = {isa = PBXFileReference; lastKnownFileType = sourcecode.swift; path = AddNicknameView.swift; sourceTree = "<group>"; };
		767E415F28942BC100AFFFBE /* AddNicknameViewController.swift */ = {isa = PBXFileReference; lastKnownFileType = sourcecode.swift; path = AddNicknameViewController.swift; sourceTree = "<group>"; };
		767E416128943F3500AFFFBE /* BaseView.swift */ = {isa = PBXFileReference; lastKnownFileType = sourcecode.swift; path = BaseView.swift; sourceTree = "<group>"; };
		767E41642894421000AFFFBE /* ConfirmView.swift */ = {isa = PBXFileReference; lastKnownFileType = sourcecode.swift; path = ConfirmView.swift; sourceTree = "<group>"; };
		767E41662894438900AFFFBE /* ConfirmViewController.swift */ = {isa = PBXFileReference; lastKnownFileType = sourcecode.swift; path = ConfirmViewController.swift; sourceTree = "<group>"; };
		767E4169289446FD00AFFFBE /* HomeViewController.swift */ = {isa = PBXFileReference; lastKnownFileType = sourcecode.swift; path = HomeViewController.swift; sourceTree = "<group>"; };
		767E416C289448BC00AFFFBE /* RegisterManager.swift */ = {isa = PBXFileReference; lastKnownFileType = sourcecode.swift; path = RegisterManager.swift; sourceTree = "<group>"; };
		767E416E2894583D00AFFFBE /* Response.swift */ = {isa = PBXFileReference; lastKnownFileType = sourcecode.swift; path = Response.swift; sourceTree = "<group>"; };
		76E09587288EE95B007E00D6 /* InstagramChallenge.app */ = {isa = PBXFileReference; explicitFileType = wrapper.application; includeInIndex = 0; path = InstagramChallenge.app; sourceTree = BUILT_PRODUCTS_DIR; };
		76E0958A288EE95B007E00D6 /* AppDelegate.swift */ = {isa = PBXFileReference; lastKnownFileType = sourcecode.swift; path = AppDelegate.swift; sourceTree = "<group>"; };
		76E0958C288EE95B007E00D6 /* SceneDelegate.swift */ = {isa = PBXFileReference; lastKnownFileType = sourcecode.swift; path = SceneDelegate.swift; sourceTree = "<group>"; };
		76E0958E288EE95B007E00D6 /* LoginViewController.swift */ = {isa = PBXFileReference; lastKnownFileType = sourcecode.swift; path = LoginViewController.swift; sourceTree = "<group>"; };
		76E09591288EE95C007E00D6 /* Base */ = {isa = PBXFileReference; lastKnownFileType = file.storyboard; name = Base; path = Base.lproj/Main.storyboard; sourceTree = "<group>"; };
		76E09593288EE95E007E00D6 /* Assets.xcassets */ = {isa = PBXFileReference; lastKnownFileType = folder.assetcatalog; path = Assets.xcassets; sourceTree = "<group>"; };
		76E09598288EE95E007E00D6 /* Info.plist */ = {isa = PBXFileReference; lastKnownFileType = text.plist.xml; path = Info.plist; sourceTree = "<group>"; };
		76E262BF289925B5009D2E16 /* LoginManager.swift */ = {isa = PBXFileReference; lastKnownFileType = sourcecode.swift; path = LoginManager.swift; sourceTree = "<group>"; };
		9D10534C4245572E20636E69 /* Pods_InstagramChallenge.framework */ = {isa = PBXFileReference; explicitFileType = wrapper.framework; includeInIndex = 0; path = Pods_InstagramChallenge.framework; sourceTree = BUILT_PRODUCTS_DIR; };
/* End PBXFileReference section */

/* Begin PBXFrameworksBuildPhase section */
		76E09584288EE95B007E00D6 /* Frameworks */ = {
			isa = PBXFrameworksBuildPhase;
			buildActionMask = 2147483647;
			files = (
				5FAAD05FD0BB60971686C31D /* Pods_InstagramChallenge.framework in Frameworks */,
			);
			runOnlyForDeploymentPostprocessing = 0;
		};
/* End PBXFrameworksBuildPhase section */

/* Begin PBXGroup section */
		7663C975289050E3006C3505 /* Splash */ = {
			isa = PBXGroup;
			children = (
				7663C973289050DB006C3505 /* SplashViewController.swift */,
				7663C9792890578E006C3505 /* SplashView.swift */,
			);
			path = Splash;
			sourceTree = "<group>";
		};
		7663C9782890546B006C3505 /* Custom */ = {
			isa = PBXGroup;
			children = (
				767E416128943F3500AFFFBE /* BaseView.swift */,
				767E413A2892ABCE00AFFFBE /* HideBackButtonViewController.swift */,
				7663C97628905467006C3505 /* CustomTextField.swift */,
				767E41072891A77F00AFFFBE /* CustomButton.swift */,
				767E41092891AB7200AFFFBE /* OrView.swift */,
				767E414E28930A2900AFFFBE /* GrayBorderView.swift */,
			);
			path = Custom;
			sourceTree = "<group>";
		};
		7663C97B289058F2006C3505 /* Resources */ = {
			isa = PBXGroup;
			children = (
				76E09590288EE95C007E00D6 /* Main.storyboard */,
				76E09593288EE95E007E00D6 /* Assets.xcassets */,
			);
			path = Resources;
			sourceTree = "<group>";
		};
		7663C97C289058FD006C3505 /* Sources */ = {
			isa = PBXGroup;
			children = (
				767E416B2894488E00AFFFBE /* Managers */,
				767E40F62891833100AFFFBE /* Extensions */,
				767E40D12891575100AFFFBE /* Models */,
				767E40CA289154C000AFFFBE /* Networking */,
				7663C9782890546B006C3505 /* Custom */,
				76E0959E288EF947007E00D6 /* Controllers */,
				7663C975289050E3006C3505 /* Splash */,
				7663C97E2890598E006C3505 /* Login */,
				767E40F128917CA700AFFFBE /* Register */,
			);
			path = Sources;
			sourceTree = "<group>";
		};
		7663C97D28905906006C3505 /* Suppoting files */ = {
			isa = PBXGroup;
			children = (
				76E09598288EE95E007E00D6 /* Info.plist */,
			);
			path = "Suppoting files";
			sourceTree = "<group>";
		};
		7663C97E2890598E006C3505 /* Login */ = {
			isa = PBXGroup;
			children = (
				767E40ED2891611A00AFFFBE /* Token.swift */,
				7663C97F289059A1006C3505 /* LoginView.swift */,
				76E0958E288EE95B007E00D6 /* LoginViewController.swift */,
			);
			path = Login;
			sourceTree = "<group>";
		};
		767E40CA289154C000AFFFBE /* Networking */ = {
			isa = PBXGroup;
			children = (
				767E40CB289154D200AFFFBE /* Address.swift */,
				767E40CD289154DD00AFFFBE /* API.swift */,
				767E40CF289154E800AFFFBE /* BaseURL.swift */,
			);
			path = Networking;
			sourceTree = "<group>";
		};
		767E40D12891575100AFFFBE /* Models */ = {
			isa = PBXGroup;
			children = (
				767E416E2894583D00AFFFBE /* Response.swift */,
				767E40EF289166B100AFFFBE /* ResponseDefault.swift */,
				767E40DB28915A1100AFFFBE /* JWT.swift */,
				767E40D22891579B00AFFFBE /* MyPage.swift */,
				767E40D5289158A000AFFFBE /* Comments.swift */,
				767E40D72891595A00AFFFBE /* SearchingChats.swift */,
				767E40E328915C5600AFFFBE /* Feed.swift */,
				767E40E128915BFB00AFFFBE /* Contents.swift */,
				767E40EB28915EE300AFFFBE /* SendChats.swift */,
			);
			path = Models;
			sourceTree = "<group>";
		};
		767E40F128917CA700AFFFBE /* Register */ = {
			isa = PBXGroup;
			children = (
				767E40F228917D1000AFFFBE /* RegisterView.swift */,
				767E40F4289181B300AFFFBE /* RegisterViewController.swift */,
				767E40FD28918AFE00AFFFBE /* PhoneNumber */,
				767E41542894222E00AFFFBE /* Name */,
				767E41552894223300AFFFBE /* Password */,
				767E41562894223800AFFFBE /* Birthday */,
				767E41572894223D00AFFFBE /* Agree */,
				767E415C2894283300AFFFBE /* Nickname */,
				767E4163289441BD00AFFFBE /* Confirm */,
			);
			path = Register;
			sourceTree = "<group>";
		};
		767E40F62891833100AFFFBE /* Extensions */ = {
			isa = PBXGroup;
			children = (
				767E40F72891833E00AFFFBE /* UIViewController++Extensions.swift */,
				767E414A2893079300AFFFBE /* UIButton++Extensions.swift */,
				767E414C2893085D00AFFFBE /* UIColor++Extensions.swift */,
			);
			path = Extensions;
			sourceTree = "<group>";
		};
		767E40FD28918AFE00AFFFBE /* PhoneNumber */ = {
			isa = PBXGroup;
			children = (
				767E4150289421B800AFFFBE /* Base */,
				767E4151289421CB00AFFFBE /* PhoneNumberAndEmail */,
				767E4152289421E900AFFFBE /* Certification */,
			);
			path = PhoneNumber;
			sourceTree = "<group>";
		};
		767E4150289421B800AFFFBE /* Base */ = {
			isa = PBXGroup;
			children = (
				767E413C2892AC7300AFFFBE /* RegisterPhoneNumberBaseView.swift */,
				767E40FB2891888F00AFFFBE /* RegisterPhoneNumberBaseViewController.swift */,
				767E40FF28918B4000AFFFBE /* MenuCell.swift */,
			);
			path = Base;
			sourceTree = "<group>";
		};
		767E4151289421CB00AFFFBE /* PhoneNumberAndEmail */ = {
			isa = PBXGroup;
			children = (
				767E41052891A08800AFFFBE /* PhoneNumberView.swift */,
				767E41012891952900AFFFBE /* PhoneNumberViewController.swift */,
				767E41032891953700AFFFBE /* EmailViewController.swift */,
			);
			path = PhoneNumberAndEmail;
			sourceTree = "<group>";
		};
		767E4152289421E900AFFFBE /* Certification */ = {
			isa = PBXGroup;
			children = (
				767E413628929D6D00AFFFBE /* CertificationView.swift */,
				767E41382892A19400AFFFBE /* CertificationViewController.swift */,
			);
			path = Certification;
			sourceTree = "<group>";
		};
		767E41542894222E00AFFFBE /* Name */ = {
			isa = PBXGroup;
			children = (
				767E413E2892BAF600AFFFBE /* AddNameView.swift */,
				767E41402892BB0100AFFFBE /* AddNameViewController.swift */,
			);
			path = Name;
			sourceTree = "<group>";
		};
		767E41552894223300AFFFBE /* Password */ = {
			isa = PBXGroup;
			children = (
				767E4158289422D500AFFFBE /* AddPasswordView.swift */,
				767E415A2894241E00AFFFBE /* AddPasswordViewController.swift */,
			);
			path = Password;
			sourceTree = "<group>";
		};
		767E41562894223800AFFFBE /* Birthday */ = {
			isa = PBXGroup;
			children = (
				767E41422892E22C00AFFFBE /* BirthdayView.swift */,
				767E41442892E72B00AFFFBE /* BirthdayViewController.swift */,
			);
			path = Birthday;
			sourceTree = "<group>";
		};
		767E41572894223D00AFFFBE /* Agree */ = {
			isa = PBXGroup;
			children = (
				767E41462892FF1C00AFFFBE /* AgreementView.swift */,
				767E41482893051100AFFFBE /* AgreementViewController.swift */,
			);
			path = Agree;
			sourceTree = "<group>";
		};
		767E415C2894283300AFFFBE /* Nickname */ = {
			isa = PBXGroup;
			children = (
				767E415D2894286500AFFFBE /* AddNicknameView.swift */,
				767E415F28942BC100AFFFBE /* AddNicknameViewController.swift */,
			);
			path = Nickname;
			sourceTree = "<group>";
		};
		767E4163289441BD00AFFFBE /* Confirm */ = {
			isa = PBXGroup;
			children = (
				767E41642894421000AFFFBE /* ConfirmView.swift */,
				767E41662894438900AFFFBE /* ConfirmViewController.swift */,
			);
			path = Confirm;
			sourceTree = "<group>";
		};
		767E4168289446EA00AFFFBE /* Home */ = {
			isa = PBXGroup;
			children = (
				767E4169289446FD00AFFFBE /* HomeViewController.swift */,
			);
			path = Home;
			sourceTree = "<group>";
		};
		767E416B2894488E00AFFFBE /* Managers */ = {
			isa = PBXGroup;
			children = (
				76E262BF289925B5009D2E16 /* LoginManager.swift */,
				767E416C289448BC00AFFFBE /* RegisterManager.swift */,
			);
			path = Managers;
			sourceTree = "<group>";
		};
		76E0957E288EE95B007E00D6 = {
			isa = PBXGroup;
			children = (
				76E09589288EE95B007E00D6 /* InstagramChallenge */,
				76E09588288EE95B007E00D6 /* Products */,
				E3D00D6C668D6AB631D61B53 /* Pods */,
				C79C614F4240D78B6D04E82B /* Frameworks */,
			);
			sourceTree = "<group>";
		};
		76E09588288EE95B007E00D6 /* Products */ = {
			isa = PBXGroup;
			children = (
				76E09587288EE95B007E00D6 /* InstagramChallenge.app */,
			);
			name = Products;
			sourceTree = "<group>";
		};
		76E09589288EE95B007E00D6 /* InstagramChallenge */ = {
			isa = PBXGroup;
			children = (
				7663C97D28905906006C3505 /* Suppoting files */,
				7663C97C289058FD006C3505 /* Sources */,
				767E4168289446EA00AFFFBE /* Home */,
				7663C97B289058F2006C3505 /* Resources */,
				76E0958A288EE95B007E00D6 /* AppDelegate.swift */,
				76E0958C288EE95B007E00D6 /* SceneDelegate.swift */,
			);
			path = InstagramChallenge;
			sourceTree = "<group>";
		};
		76E0959E288EF947007E00D6 /* Controllers */ = {
			isa = PBXGroup;
			children = (
			);
			path = Controllers;
			sourceTree = "<group>";
		};
		C79C614F4240D78B6D04E82B /* Frameworks */ = {
			isa = PBXGroup;
			children = (
				9D10534C4245572E20636E69 /* Pods_InstagramChallenge.framework */,
			);
			name = Frameworks;
			sourceTree = "<group>";
		};
		E3D00D6C668D6AB631D61B53 /* Pods */ = {
			isa = PBXGroup;
			children = (
				1834822CBE59BEE12CF34707 /* Pods-InstagramChallenge.debug.xcconfig */,
				0446C7B514AB94ACB140C51F /* Pods-InstagramChallenge.release.xcconfig */,
			);
			path = Pods;
			sourceTree = "<group>";
		};
/* End PBXGroup section */

/* Begin PBXNativeTarget section */
		76E09586288EE95B007E00D6 /* InstagramChallenge */ = {
			isa = PBXNativeTarget;
			buildConfigurationList = 76E0959B288EE95E007E00D6 /* Build configuration list for PBXNativeTarget "InstagramChallenge" */;
			buildPhases = (
				EA9E8D7C6C78025D481213A3 /* [CP] Check Pods Manifest.lock */,
				76E09583288EE95B007E00D6 /* Sources */,
				76E09584288EE95B007E00D6 /* Frameworks */,
				76E09585288EE95B007E00D6 /* Resources */,
				0F155CB02317C8892BFE369F /* [CP] Embed Pods Frameworks */,
			);
			buildRules = (
			);
			dependencies = (
			);
			name = InstagramChallenge;
			productName = InstagramChallenge;
			productReference = 76E09587288EE95B007E00D6 /* InstagramChallenge.app */;
			productType = "com.apple.product-type.application";
		};
/* End PBXNativeTarget section */

/* Begin PBXProject section */
		76E0957F288EE95B007E00D6 /* Project object */ = {
			isa = PBXProject;
			attributes = {
				BuildIndependentTargetsInParallel = 1;
				LastSwiftUpdateCheck = 1340;
				LastUpgradeCheck = 1340;
				ORGANIZATIONNAME = com.softsquared.gridgeTest.ios.InstagramChallenge.InstagramChallenge;
				TargetAttributes = {
					76E09586288EE95B007E00D6 = {
						CreatedOnToolsVersion = 13.4.1;
					};
				};
			};
			buildConfigurationList = 76E09582288EE95B007E00D6 /* Build configuration list for PBXProject "InstagramChallenge" */;
			compatibilityVersion = "Xcode 13.0";
			developmentRegion = en;
			hasScannedForEncodings = 0;
			knownRegions = (
				en,
				Base,
			);
			mainGroup = 76E0957E288EE95B007E00D6;
			productRefGroup = 76E09588288EE95B007E00D6 /* Products */;
			projectDirPath = "";
			projectRoot = "";
			targets = (
				76E09586288EE95B007E00D6 /* InstagramChallenge */,
			);
		};
/* End PBXProject section */

/* Begin PBXResourcesBuildPhase section */
		76E09585288EE95B007E00D6 /* Resources */ = {
			isa = PBXResourcesBuildPhase;
			buildActionMask = 2147483647;
			files = (
				76E09594288EE95E007E00D6 /* Assets.xcassets in Resources */,
				76E09592288EE95C007E00D6 /* Main.storyboard in Resources */,
			);
			runOnlyForDeploymentPostprocessing = 0;
		};
/* End PBXResourcesBuildPhase section */

/* Begin PBXShellScriptBuildPhase section */
		0F155CB02317C8892BFE369F /* [CP] Embed Pods Frameworks */ = {
			isa = PBXShellScriptBuildPhase;
			buildActionMask = 2147483647;
			files = (
			);
			inputFileListPaths = (
				"${PODS_ROOT}/Target Support Files/Pods-InstagramChallenge/Pods-InstagramChallenge-frameworks-${CONFIGURATION}-input-files.xcfilelist",
			);
			name = "[CP] Embed Pods Frameworks";
			outputFileListPaths = (
				"${PODS_ROOT}/Target Support Files/Pods-InstagramChallenge/Pods-InstagramChallenge-frameworks-${CONFIGURATION}-output-files.xcfilelist",
			);
			runOnlyForDeploymentPostprocessing = 0;
			shellPath = /bin/sh;
			shellScript = "\"${PODS_ROOT}/Target Support Files/Pods-InstagramChallenge/Pods-InstagramChallenge-frameworks.sh\"\n";
			showEnvVarsInLog = 0;
		};
		EA9E8D7C6C78025D481213A3 /* [CP] Check Pods Manifest.lock */ = {
			isa = PBXShellScriptBuildPhase;
			buildActionMask = 2147483647;
			files = (
			);
			inputFileListPaths = (
			);
			inputPaths = (
				"${PODS_PODFILE_DIR_PATH}/Podfile.lock",
				"${PODS_ROOT}/Manifest.lock",
			);
			name = "[CP] Check Pods Manifest.lock";
			outputFileListPaths = (
			);
			outputPaths = (
				"$(DERIVED_FILE_DIR)/Pods-InstagramChallenge-checkManifestLockResult.txt",
			);
			runOnlyForDeploymentPostprocessing = 0;
			shellPath = /bin/sh;
			shellScript = "diff \"${PODS_PODFILE_DIR_PATH}/Podfile.lock\" \"${PODS_ROOT}/Manifest.lock\" > /dev/null\nif [ $? != 0 ] ; then\n    # print error to STDERR\n    echo \"error: The sandbox is not in sync with the Podfile.lock. Run 'pod install' or update your CocoaPods installation.\" >&2\n    exit 1\nfi\n# This output is used by Xcode 'outputs' to avoid re-running this script phase.\necho \"SUCCESS\" > \"${SCRIPT_OUTPUT_FILE_0}\"\n";
			showEnvVarsInLog = 0;
		};
/* End PBXShellScriptBuildPhase section */

/* Begin PBXSourcesBuildPhase section */
		76E09583288EE95B007E00D6 /* Sources */ = {
			isa = PBXSourcesBuildPhase;
			buildActionMask = 2147483647;
			files = (
				767E41672894438900AFFFBE /* ConfirmViewController.swift in Sources */,
				767E40F5289181B300AFFFBE /* RegisterViewController.swift in Sources */,
				767E410028918B4000AFFFBE /* MenuCell.swift in Sources */,
				767E41472892FF1C00AFFFBE /* AgreementView.swift in Sources */,
				76E0958F288EE95B007E00D6 /* LoginViewController.swift in Sources */,
				767E41082891A77F00AFFFBE /* CustomButton.swift in Sources */,
				767E40E228915BFB00AFFFBE /* Contents.swift in Sources */,
				767E414D2893085D00AFFFBE /* UIColor++Extensions.swift in Sources */,
				767E415B2894241E00AFFFBE /* AddPasswordViewController.swift in Sources */,
				767E40D32891579B00AFFFBE /* MyPage.swift in Sources */,
				767E410A2891AB7200AFFFBE /* OrView.swift in Sources */,
				7663C980289059A1006C3505 /* LoginView.swift in Sources */,
				767E40D0289154E800AFFFBE /* BaseURL.swift in Sources */,
				767E41412892BB0100AFFFBE /* AddNameViewController.swift in Sources */,
				767E40EC28915EE300AFFFBE /* SendChats.swift in Sources */,
				767E416A289446FD00AFFFBE /* HomeViewController.swift in Sources */,
				767E41432892E22C00AFFFBE /* BirthdayView.swift in Sources */,
				767E40D82891595A00AFFFBE /* SearchingChats.swift in Sources */,
				767E40DC28915A1100AFFFBE /* JWT.swift in Sources */,
				767E413D2892AC7300AFFFBE /* RegisterPhoneNumberBaseView.swift in Sources */,
				767E413F2892BAF600AFFFBE /* AddNameView.swift in Sources */,
				767E41652894421000AFFFBE /* ConfirmView.swift in Sources */,
				7663C97728905467006C3505 /* CustomTextField.swift in Sources */,
				767E40F0289166B100AFFFBE /* ResponseDefault.swift in Sources */,
				767E40F328917D1000AFFFBE /* RegisterView.swift in Sources */,
				767E414F28930A2900AFFFBE /* GrayBorderView.swift in Sources */,
				767E4159289422D500AFFFBE /* AddPasswordView.swift in Sources */,
				767E40EE2891611A00AFFFBE /* Token.swift in Sources */,
				76E262C0289925B5009D2E16 /* LoginManager.swift in Sources */,
				76E0958B288EE95B007E00D6 /* AppDelegate.swift in Sources */,
				767E416D289448BC00AFFFBE /* RegisterManager.swift in Sources */,
				76E0958D288EE95B007E00D6 /* SceneDelegate.swift in Sources */,
				767E414B2893079300AFFFBE /* UIButton++Extensions.swift in Sources */,
				7663C974289050DB006C3505 /* SplashViewController.swift in Sources */,
				767E40CC289154D200AFFFBE /* Address.swift in Sources */,
				767E416028942BC100AFFFBE /* AddNicknameViewController.swift in Sources */,
				767E415E2894286500AFFFBE /* AddNicknameView.swift in Sources */,
				767E416228943F3500AFFFBE /* BaseView.swift in Sources */,
				767E40CE289154DD00AFFFBE /* API.swift in Sources */,
				767E40F82891833E00AFFFBE /* UIViewController++Extensions.swift in Sources */,
				7663C97A2890578E006C3505 /* SplashView.swift in Sources */,
				767E41452892E72B00AFFFBE /* BirthdayViewController.swift in Sources */,
				767E413728929D6D00AFFFBE /* CertificationView.swift in Sources */,
				767E416F2894583D00AFFFBE /* Response.swift in Sources */,
				767E41022891952900AFFFBE /* PhoneNumberViewController.swift in Sources */,
				767E40FC2891888F00AFFFBE /* RegisterPhoneNumberBaseViewController.swift in Sources */,
				767E40D6289158A000AFFFBE /* Comments.swift in Sources */,
				767E41042891953700AFFFBE /* EmailViewController.swift in Sources */,
				767E41062891A08800AFFFBE /* PhoneNumberView.swift in Sources */,
				767E41392892A19400AFFFBE /* CertificationViewController.swift in Sources */,
				767E41492893051100AFFFBE /* AgreementViewController.swift in Sources */,
				767E40E428915C5600AFFFBE /* Feed.swift in Sources */,
				767E413B2892ABCE00AFFFBE /* HideBackButtonViewController.swift in Sources */,
			);
			runOnlyForDeploymentPostprocessing = 0;
		};
/* End PBXSourcesBuildPhase section */

/* Begin PBXVariantGroup section */
		76E09590288EE95C007E00D6 /* Main.storyboard */ = {
			isa = PBXVariantGroup;
			children = (
				76E09591288EE95C007E00D6 /* Base */,
			);
			name = Main.storyboard;
			sourceTree = "<group>";
		};
/* End PBXVariantGroup section */

/* Begin XCBuildConfiguration section */
		76E09599288EE95E007E00D6 /* Debug */ = {
			isa = XCBuildConfiguration;
			buildSettings = {
				ALWAYS_SEARCH_USER_PATHS = NO;
				CLANG_ANALYZER_NONNULL = YES;
				CLANG_ANALYZER_NUMBER_OBJECT_CONVERSION = YES_AGGRESSIVE;
				CLANG_CXX_LANGUAGE_STANDARD = "gnu++17";
				CLANG_ENABLE_MODULES = YES;
				CLANG_ENABLE_OBJC_ARC = YES;
				CLANG_ENABLE_OBJC_WEAK = YES;
				CLANG_WARN_BLOCK_CAPTURE_AUTORELEASING = YES;
				CLANG_WARN_BOOL_CONVERSION = YES;
				CLANG_WARN_COMMA = YES;
				CLANG_WARN_CONSTANT_CONVERSION = YES;
				CLANG_WARN_DEPRECATED_OBJC_IMPLEMENTATIONS = YES;
				CLANG_WARN_DIRECT_OBJC_ISA_USAGE = YES_ERROR;
				CLANG_WARN_DOCUMENTATION_COMMENTS = YES;
				CLANG_WARN_EMPTY_BODY = YES;
				CLANG_WARN_ENUM_CONVERSION = YES;
				CLANG_WARN_INFINITE_RECURSION = YES;
				CLANG_WARN_INT_CONVERSION = YES;
				CLANG_WARN_NON_LITERAL_NULL_CONVERSION = YES;
				CLANG_WARN_OBJC_IMPLICIT_RETAIN_SELF = YES;
				CLANG_WARN_OBJC_LITERAL_CONVERSION = YES;
				CLANG_WARN_OBJC_ROOT_CLASS = YES_ERROR;
				CLANG_WARN_QUOTED_INCLUDE_IN_FRAMEWORK_HEADER = YES;
				CLANG_WARN_RANGE_LOOP_ANALYSIS = YES;
				CLANG_WARN_STRICT_PROTOTYPES = YES;
				CLANG_WARN_SUSPICIOUS_MOVE = YES;
				CLANG_WARN_UNGUARDED_AVAILABILITY = YES_AGGRESSIVE;
				CLANG_WARN_UNREACHABLE_CODE = YES;
				CLANG_WARN__DUPLICATE_METHOD_MATCH = YES;
				COPY_PHASE_STRIP = NO;
				DEBUG_INFORMATION_FORMAT = dwarf;
				ENABLE_STRICT_OBJC_MSGSEND = YES;
				ENABLE_TESTABILITY = YES;
				GCC_C_LANGUAGE_STANDARD = gnu11;
				GCC_DYNAMIC_NO_PIC = NO;
				GCC_NO_COMMON_BLOCKS = YES;
				GCC_OPTIMIZATION_LEVEL = 0;
				GCC_PREPROCESSOR_DEFINITIONS = (
					"DEBUG=1",
					"$(inherited)",
				);
				GCC_WARN_64_TO_32_BIT_CONVERSION = YES;
				GCC_WARN_ABOUT_RETURN_TYPE = YES_ERROR;
				GCC_WARN_UNDECLARED_SELECTOR = YES;
				GCC_WARN_UNINITIALIZED_AUTOS = YES_AGGRESSIVE;
				GCC_WARN_UNUSED_FUNCTION = YES;
				GCC_WARN_UNUSED_VARIABLE = YES;
				IPHONEOS_DEPLOYMENT_TARGET = 14.0;
				MTL_ENABLE_DEBUG_INFO = INCLUDE_SOURCE;
				MTL_FAST_MATH = YES;
				ONLY_ACTIVE_ARCH = YES;
				SDKROOT = iphoneos;
				SWIFT_ACTIVE_COMPILATION_CONDITIONS = DEBUG;
				SWIFT_OPTIMIZATION_LEVEL = "-Onone";
			};
			name = Debug;
		};
		76E0959A288EE95E007E00D6 /* Release */ = {
			isa = XCBuildConfiguration;
			buildSettings = {
				ALWAYS_SEARCH_USER_PATHS = NO;
				CLANG_ANALYZER_NONNULL = YES;
				CLANG_ANALYZER_NUMBER_OBJECT_CONVERSION = YES_AGGRESSIVE;
				CLANG_CXX_LANGUAGE_STANDARD = "gnu++17";
				CLANG_ENABLE_MODULES = YES;
				CLANG_ENABLE_OBJC_ARC = YES;
				CLANG_ENABLE_OBJC_WEAK = YES;
				CLANG_WARN_BLOCK_CAPTURE_AUTORELEASING = YES;
				CLANG_WARN_BOOL_CONVERSION = YES;
				CLANG_WARN_COMMA = YES;
				CLANG_WARN_CONSTANT_CONVERSION = YES;
				CLANG_WARN_DEPRECATED_OBJC_IMPLEMENTATIONS = YES;
				CLANG_WARN_DIRECT_OBJC_ISA_USAGE = YES_ERROR;
				CLANG_WARN_DOCUMENTATION_COMMENTS = YES;
				CLANG_WARN_EMPTY_BODY = YES;
				CLANG_WARN_ENUM_CONVERSION = YES;
				CLANG_WARN_INFINITE_RECURSION = YES;
				CLANG_WARN_INT_CONVERSION = YES;
				CLANG_WARN_NON_LITERAL_NULL_CONVERSION = YES;
				CLANG_WARN_OBJC_IMPLICIT_RETAIN_SELF = YES;
				CLANG_WARN_OBJC_LITERAL_CONVERSION = YES;
				CLANG_WARN_OBJC_ROOT_CLASS = YES_ERROR;
				CLANG_WARN_QUOTED_INCLUDE_IN_FRAMEWORK_HEADER = YES;
				CLANG_WARN_RANGE_LOOP_ANALYSIS = YES;
				CLANG_WARN_STRICT_PROTOTYPES = YES;
				CLANG_WARN_SUSPICIOUS_MOVE = YES;
				CLANG_WARN_UNGUARDED_AVAILABILITY = YES_AGGRESSIVE;
				CLANG_WARN_UNREACHABLE_CODE = YES;
				CLANG_WARN__DUPLICATE_METHOD_MATCH = YES;
				COPY_PHASE_STRIP = NO;
				DEBUG_INFORMATION_FORMAT = "dwarf-with-dsym";
				ENABLE_NS_ASSERTIONS = NO;
				ENABLE_STRICT_OBJC_MSGSEND = YES;
				GCC_C_LANGUAGE_STANDARD = gnu11;
				GCC_NO_COMMON_BLOCKS = YES;
				GCC_WARN_64_TO_32_BIT_CONVERSION = YES;
				GCC_WARN_ABOUT_RETURN_TYPE = YES_ERROR;
				GCC_WARN_UNDECLARED_SELECTOR = YES;
				GCC_WARN_UNINITIALIZED_AUTOS = YES_AGGRESSIVE;
				GCC_WARN_UNUSED_FUNCTION = YES;
				GCC_WARN_UNUSED_VARIABLE = YES;
				IPHONEOS_DEPLOYMENT_TARGET = 14.0;
				MTL_ENABLE_DEBUG_INFO = NO;
				MTL_FAST_MATH = YES;
				SDKROOT = iphoneos;
				SWIFT_COMPILATION_MODE = wholemodule;
				SWIFT_OPTIMIZATION_LEVEL = "-O";
				VALIDATE_PRODUCT = YES;
			};
			name = Release;
		};
		76E0959C288EE95E007E00D6 /* Debug */ = {
			isa = XCBuildConfiguration;
			baseConfigurationReference = 1834822CBE59BEE12CF34707 /* Pods-InstagramChallenge.debug.xcconfig */;
			buildSettings = {
				ASSETCATALOG_COMPILER_APPICON_NAME = AppIcon;
				ASSETCATALOG_COMPILER_GLOBAL_ACCENT_COLOR_NAME = AccentColor;
				CODE_SIGN_STYLE = Automatic;
				CURRENT_PROJECT_VERSION = 1;
				DEVELOPMENT_TEAM = Y7PRM9H29K;
				GENERATE_INFOPLIST_FILE = YES;
				INFOPLIST_FILE = "InstagramChallenge/Suppoting files/Info.plist";
				INFOPLIST_KEY_UIApplicationSupportsIndirectInputEvents = YES;
				INFOPLIST_KEY_UILaunchStoryboardName = Splash;
				INFOPLIST_KEY_UIMainStoryboardFile = Main;
				INFOPLIST_KEY_UISupportedInterfaceOrientations = "";
				INFOPLIST_KEY_UISupportedInterfaceOrientations_iPad = "UIInterfaceOrientationPortrait UIInterfaceOrientationPortraitUpsideDown UIInterfaceOrientationLandscapeLeft UIInterfaceOrientationLandscapeRight";
				INFOPLIST_KEY_UISupportedInterfaceOrientations_iPhone = "UIInterfaceOrientationPortrait UIInterfaceOrientationLandscapeLeft UIInterfaceOrientationLandscapeRight";
				INFOPLIST_KEY_UIUserInterfaceStyle = Light;
				IPHONEOS_DEPLOYMENT_TARGET = 14.0;
				LD_RUNPATH_SEARCH_PATHS = (
					"$(inherited)",
					"@executable_path/Frameworks",
				);
				MARKETING_VERSION = 1.0;
				PRODUCT_BUNDLE_IDENTIFIER = com.softsquared.gridgeTest.ios.InstagramChallenge.InstagramChallenge;
				PRODUCT_NAME = "$(TARGET_NAME)";
				SWIFT_EMIT_LOC_STRINGS = YES;
				SWIFT_VERSION = 5.0;
				TARGETED_DEVICE_FAMILY = 1;
			};
			name = Debug;
		};
		76E0959D288EE95E007E00D6 /* Release */ = {
			isa = XCBuildConfiguration;
			baseConfigurationReference = 0446C7B514AB94ACB140C51F /* Pods-InstagramChallenge.release.xcconfig */;
			buildSettings = {
				ASSETCATALOG_COMPILER_APPICON_NAME = AppIcon;
				ASSETCATALOG_COMPILER_GLOBAL_ACCENT_COLOR_NAME = AccentColor;
				CODE_SIGN_STYLE = Automatic;
				CURRENT_PROJECT_VERSION = 1;
				DEVELOPMENT_TEAM = Y7PRM9H29K;
				GENERATE_INFOPLIST_FILE = YES;
				INFOPLIST_FILE = "InstagramChallenge/Suppoting files/Info.plist";
				INFOPLIST_KEY_UIApplicationSupportsIndirectInputEvents = YES;
				INFOPLIST_KEY_UILaunchStoryboardName = Splash;
				INFOPLIST_KEY_UIMainStoryboardFile = Main;
				INFOPLIST_KEY_UISupportedInterfaceOrientations = "";
				INFOPLIST_KEY_UISupportedInterfaceOrientations_iPad = "UIInterfaceOrientationPortrait UIInterfaceOrientationPortraitUpsideDown UIInterfaceOrientationLandscapeLeft UIInterfaceOrientationLandscapeRight";
				INFOPLIST_KEY_UISupportedInterfaceOrientations_iPhone = "UIInterfaceOrientationPortrait UIInterfaceOrientationLandscapeLeft UIInterfaceOrientationLandscapeRight";
				INFOPLIST_KEY_UIUserInterfaceStyle = Light;
				IPHONEOS_DEPLOYMENT_TARGET = 14.0;
				LD_RUNPATH_SEARCH_PATHS = (
					"$(inherited)",
					"@executable_path/Frameworks",
				);
				MARKETING_VERSION = 1.0;
				PRODUCT_BUNDLE_IDENTIFIER = com.softsquared.gridgeTest.ios.InstagramChallenge.InstagramChallenge;
				PRODUCT_NAME = "$(TARGET_NAME)";
				SWIFT_EMIT_LOC_STRINGS = YES;
				SWIFT_VERSION = 5.0;
				TARGETED_DEVICE_FAMILY = 1;
			};
			name = Release;
		};
/* End XCBuildConfiguration section */

/* Begin XCConfigurationList section */
		76E09582288EE95B007E00D6 /* Build configuration list for PBXProject "InstagramChallenge" */ = {
			isa = XCConfigurationList;
			buildConfigurations = (
				76E09599288EE95E007E00D6 /* Debug */,
				76E0959A288EE95E007E00D6 /* Release */,
			);
			defaultConfigurationIsVisible = 0;
			defaultConfigurationName = Release;
		};
		76E0959B288EE95E007E00D6 /* Build configuration list for PBXNativeTarget "InstagramChallenge" */ = {
			isa = XCConfigurationList;
			buildConfigurations = (
				76E0959C288EE95E007E00D6 /* Debug */,
				76E0959D288EE95E007E00D6 /* Release */,
			);
			defaultConfigurationIsVisible = 0;
			defaultConfigurationName = Release;
		};
/* End XCConfigurationList section */
	};
	rootObject = 76E0957F288EE95B007E00D6 /* Project object */;
}
